{
  "name": "cumpress",
  "version": "0.0.1",
  "lockfileVersion": 2,
  "requires": true,
  "packages": {
    "": {
      "name": "cumpress",
      "version": "0.0.1",
      "license": "MIT",
      "dependencies": {
        "emejs": "^3.0.2"
      }
    },
    "node_modules/emejs": {
      "version": "3.0.2",
      "resolved": "https://registry.npmjs.org/emejs/-/emejs-3.0.2.tgz",
      "integrity": "sha512-qQhTpegFmmjbfv1cJO76N1gaYJc4GsxGNpdzCXi+qyvZGjiIQhDmbwF7Eacc0NsncOwcQPbyskOrK8H4gcU2+w=="
    }
  },
  "dependencies": {
    "emejs": {
      "version": "3.0.2",
      "resolved": "https://registry.npmjs.org/emejs/-/emejs-3.0.2.tgz",
      "integrity": "sha512-qQhTpegFmmjbfv1cJO76N1gaYJc4GsxGNpdzCXi+qyvZGjiIQhDmbwF7Eacc0NsncOwcQPbyskOrK8H4gcU2+w=="
    }
  }
}
